
Microsoft Visual Studio Solution File, Format Version 12.00
# Visual Studio 15
VisualStudioVersion = 15.0.28307.489
MinimumVisualStudioVersion = 10.0.40219.1
Project("{8BC9CEB8-8B4A-11D0-8D11-00A0C91BC942}") = "Project1", "Project1\Project1.vcxproj", "{07C4BAF9-2958-4E20-B6DA-D76E8133DD8B}"
EndProject
Global
	GlobalSection(SolutionConfigurationPlatforms) = preSolution
		Debug|x64 = Debug|x64
		Debug|x86 = Debug|x86
		Release|x64 = Release|x64
		Release|x86 = Release|x86
	EndGlobalSection
	GlobalSection(ProjectConfigurationPlatforms) = postSolution
		{07C4BAF9-2958-4E20-B6DA-D76E8133DD8B}.Debug|x64.ActiveCfg = Debug|x64
		{07C4BAF9-2958-4E20-B6DA-D76E8133DD8B}.Debug|x64.Build.0 = Debug|x64
		{07C4BAF9-2958-4E20-B6DA-D76E8133DD8B}.Debug|x86.ActiveCfg = Debug|Win32
		{07C4BAF9-2958-4E20-B6DA-D76E8133DD8B}.Debug|x86.Build.0 = Debug|Win32
		{07C4BAF9-2958-4E20-B6DA-D76E8133DD8B}.Release|x64.ActiveCfg = Release|x64
		{07C4BAF9-2958-4E20-B6DA-D76E8133DD8B}.Release|x64.Build.0 = Release|x64
		{07C4BAF9-2958-4E20-B6DA-D76E8133DD8B}.Release|x86.ActiveCfg = Release|Win32
		{07C4BAF9-2958-4E20-B6DA-D76E8133DD8B}.Release|x86.Build.0 = Release|Win32
	EndGlobalSection
	GlobalSection(SolutionProperties) = preSolution
		HideSolutionNode = FALSE
	EndGlobalSection
	GlobalSection(ExtensibilityGlobals) = postSolution
		SolutionGuid = {23842F47-A3AA-49FD-89C9-81E0E6FDFC2F}
	EndGlobalSection
EndGlobal
